
Microsoft Visual Studio Solution File, Format Version 12.00
# Visual Studio 15
VisualStudioVersion = 15.0.27004.2010
MinimumVisualStudioVersion = 10.0.40219.1
Project("{2150E333-8FDC-42A3-9474-1A3956D46DE8}") = "src", "src", "{82794D67-6AE4-4877-89D4-53E00F4B360E}"
EndProject
Project("{2150E333-8FDC-42A3-9474-1A3956D46DE8}") = "Solution Items", "Solution Items", "{7651C203-2F29-473A-BEC3-176B3DC5A962}"
EndProject
Project("{2150E333-8FDC-42A3-9474-1A3956D46DE8}") = "test", "test", "{8C1CAF03-D29B-46CB-A8BD-0925FEAF5B68}"
EndProject
Project("{9A19103F-16F7-4668-BE54-9A1E7A4F7556}") = "Eventing", "src\Eventing\Eventing.csproj", "{A55E8E76-049E-4EAE-870A-A10398D6610A}"
EndProject
Project("{9A19103F-16F7-4668-BE54-9A1E7A4F7556}") = "Eventing.Tests", "test\Eventing.Tests\Eventing.Tests.csproj", "{920C3690-5C4D-41E3-BB37-F19F77C5E401}"
EndProject
Global
	GlobalSection(SolutionConfigurationPlatforms) = preSolution
		Debug|Any CPU = Debug|Any CPU
		Release|Any CPU = Release|Any CPU
	EndGlobalSection
	GlobalSection(ProjectConfigurationPlatforms) = postSolution
		{A55E8E76-049E-4EAE-870A-A10398D6610A}.Debug|Any CPU.ActiveCfg = Debug|Any CPU
		{A55E8E76-049E-4EAE-870A-A10398D6610A}.Debug|Any CPU.Build.0 = Debug|Any CPU
		{A55E8E76-049E-4EAE-870A-A10398D6610A}.Release|Any CPU.ActiveCfg = Release|Any CPU
		{A55E8E76-049E-4EAE-870A-A10398D6610A}.Release|Any CPU.Build.0 = Release|Any CPU
		{920C3690-5C4D-41E3-BB37-F19F77C5E401}.Debug|Any CPU.ActiveCfg = Debug|Any CPU
		{920C3690-5C4D-41E3-BB37-F19F77C5E401}.Debug|Any CPU.Build.0 = Debug|Any CPU
		{920C3690-5C4D-41E3-BB37-F19F77C5E401}.Release|Any CPU.ActiveCfg = Release|Any CPU
		{920C3690-5C4D-41E3-BB37-F19F77C5E401}.Release|Any CPU.Build.0 = Release|Any CPU
	EndGlobalSection
	GlobalSection(SolutionProperties) = preSolution
		HideSolutionNode = FALSE
	EndGlobalSection
	GlobalSection(NestedProjects) = preSolution
		{A55E8E76-049E-4EAE-870A-A10398D6610A} = {82794D67-6AE4-4877-89D4-53E00F4B360E}
		{920C3690-5C4D-41E3-BB37-F19F77C5E401} = {8C1CAF03-D29B-46CB-A8BD-0925FEAF5B68}
	EndGlobalSection
	GlobalSection(ExtensibilityGlobals) = postSolution
		SolutionGuid = {FD9C3B01-A94B-4F98-9A8B-665231CBEDF3}
	EndGlobalSection
EndGlobal
